
Microsoft Visual Studio Solution File, Format Version 12.00
# Visual Studio 15
VisualStudioVersion = 15.0.28307.1000
MinimumVisualStudioVersion = 10.0.40219.1
Project("{FAE04EC0-301F-11D3-BF4B-00C04F79EFBC}") = "CheckRabbitWithHistedService", "CheckRabbitWithHistedService\CheckRabbitWithHistedService.csproj", "{075CE93D-0021-4AF2-B6EC-911A32ACB448}"
EndProject
Project("{FAE04EC0-301F-11D3-BF4B-00C04F79EFBC}") = "ClassLibrary1", "ClassLibrary1\ClassLibrary1.csproj", "{F445097D-50FF-4DF2-AF69-2D8BF2FC6122}"
EndProject
Global
	GlobalSection(SolutionConfigurationPlatforms) = preSolution
		Debug|Any CPU = Debug|Any CPU
		Release|Any CPU = Release|Any CPU
	EndGlobalSection
	GlobalSection(ProjectConfigurationPlatforms) = postSolution
		{075CE93D-0021-4AF2-B6EC-911A32ACB448}.Debug|Any CPU.ActiveCfg = Debug|Any CPU
		{075CE93D-0021-4AF2-B6EC-911A32ACB448}.Debug|Any CPU.Build.0 = Debug|Any CPU
		{075CE93D-0021-4AF2-B6EC-911A32ACB448}.Release|Any CPU.ActiveCfg = Release|Any CPU
		{075CE93D-0021-4AF2-B6EC-911A32ACB448}.Release|Any CPU.Build.0 = Release|Any CPU
		{F445097D-50FF-4DF2-AF69-2D8BF2FC6122}.Debug|Any CPU.ActiveCfg = Debug|Any CPU
		{F445097D-50FF-4DF2-AF69-2D8BF2FC6122}.Debug|Any CPU.Build.0 = Debug|Any CPU
		{F445097D-50FF-4DF2-AF69-2D8BF2FC6122}.Release|Any CPU.ActiveCfg = Release|Any CPU
		{F445097D-50FF-4DF2-AF69-2D8BF2FC6122}.Release|Any CPU.Build.0 = Release|Any CPU
	EndGlobalSection
	GlobalSection(SolutionProperties) = preSolution
		HideSolutionNode = FALSE
	EndGlobalSection
	GlobalSection(ExtensibilityGlobals) = postSolution
		SolutionGuid = {B3461FDD-6D66-4025-BB16-9303D68BE780}
	EndGlobalSection
EndGlobal
